
Microsoft Visual Studio Solution File, Format Version 12.00
# Visual Studio Version 17
VisualStudioVersion = 17.12.35527.113 d17.12
MinimumVisualStudioVersion = 10.0.40219.1
Project("{FAE04EC0-301F-11D3-BF4B-00C04F79EFBC}") = "BlazorApp", "BlazorApp\BlazorApp.csproj", "{D4B174BB-5FA6-41D2-8DB9-389EDF041418}"
EndProject
Project("{FAE04EC0-301F-11D3-BF4B-00C04F79EFBC}") = "ClassLibrary", "ClassLibrary\ClassLibrary.csproj", "{AB50E438-93ED-4C41-B2AC-3D18ADB73C8A}"
EndProject
Global
	GlobalSection(SolutionConfigurationPlatforms) = preSolution
		Debug|Any CPU = Debug|Any CPU
		Release|Any CPU = Release|Any CPU
	EndGlobalSection
	GlobalSection(ProjectConfigurationPlatforms) = postSolution
		{D4B174BB-5FA6-41D2-8DB9-389EDF041418}.Debug|Any CPU.ActiveCfg = Debug|Any CPU
		{D4B174BB-5FA6-41D2-8DB9-389EDF041418}.Debug|Any CPU.Build.0 = Debug|Any CPU
		{D4B174BB-5FA6-41D2-8DB9-389EDF041418}.Release|Any CPU.ActiveCfg = Release|Any CPU
		{D4B174BB-5FA6-41D2-8DB9-389EDF041418}.Release|Any CPU.Build.0 = Release|Any CPU
		{AB50E438-93ED-4C41-B2AC-3D18ADB73C8A}.Debug|Any CPU.ActiveCfg = Debug|Any CPU
		{AB50E438-93ED-4C41-B2AC-3D18ADB73C8A}.Debug|Any CPU.Build.0 = Debug|Any CPU
		{AB50E438-93ED-4C41-B2AC-3D18ADB73C8A}.Release|Any CPU.ActiveCfg = Release|Any CPU
		{AB50E438-93ED-4C41-B2AC-3D18ADB73C8A}.Release|Any CPU.Build.0 = Release|Any CPU
	EndGlobalSection
	GlobalSection(SolutionProperties) = preSolution
		HideSolutionNode = FALSE
	EndGlobalSection
EndGlobal
